{
  "name": "dile-components",
  "version": "2.0.0",
  "lockfileVersion": 3,
  "requires": true,
  "packages": {
    "": {
      "name": "dile-components",
      "version": "2.0.0",
      "license": "MIT",
      "workspaces": [
        "packages/*"
      ],
      "dependencies": {
        "lit": "^3.1.2"
      },
      "devDependencies": {
        "vite": "^5.2.6"
      }
    },
    "node_modules/@bundled-es-modules/message-format": {
      "version": "6.0.4",
      "resolved": "https://registry.npmjs.org/@bundled-es-modules/message-format/-/message-format-6.0.4.tgz",
      "integrity": "sha512-NGUoPxqsBzDwvRhY3A3L/AhS1hzS9OWappfyDOyCwE7G3W4ua28gau7QwvJz7QzA6ArbAdeb8c1mLjvd1WUFAA=="
    },
    "node_modules/@dile/editor": {
      "resolved": "packages/editor",
      "link": true
    },
    "node_modules/@dile/icons": {
      "resolved": "packages/icons",
      "link": true
    },
    "node_modules/@dile/ui": {
      "resolved": "packages/ui",
      "link": true
    },
    "node_modules/@dile/utils": {
      "resolved": "packages/utils",
      "link": true
    },
    "node_modules/@esbuild/darwin-arm64": {
      "version": "0.20.2",
      "cpu": [
        "arm64"
      ],
      "dev": true,
      "license": "MIT",
      "optional": true,
      "os": [
        "darwin"
      ],
      "engines": {
        "node": ">=12"
      }
    },
    "node_modules/@lion/calendar": {
      "version": "0.20.1",
      "resolved": "https://registry.npmjs.org/@lion/calendar/-/calendar-0.20.1.tgz",
      "integrity": "sha512-gBt2UW7jUfysrdTZAO02ua1zlbXhQYf/zbTsTI8g6C3pqCoXGJrQLoDCe9KVaUUd5i/1Sjs0Xa4hObelsZgvDw==",
      "dependencies": {
        "@lion/core": "^0.24.0",
        "@lion/localize": "^0.26.0"
      }
    },
    "node_modules/@lion/core": {
      "version": "0.24.0",
      "resolved": "https://registry.npmjs.org/@lion/core/-/core-0.24.0.tgz",
      "integrity": "sha512-hC5Fpi5U3PY0HOVycSev1jzoE8DYHFSN42s5gt6g6RlvvRYN5Pou0wtKnDOkOYf1UfjuL+T/4r8W99UFD1r/Eg==",
      "dependencies": {
        "@open-wc/dedupe-mixin": "^1.3.0",
        "@open-wc/scoped-elements": "^2.1.1",
        "lit": "^2.0.2"
      }
    },
    "node_modules/@lion/core/node_modules/@lit/reactive-element": {
      "version": "1.6.3",
      "resolved": "https://registry.npmjs.org/@lit/reactive-element/-/reactive-element-1.6.3.tgz",
      "integrity": "sha512-QuTgnG52Poic7uM1AN5yJ09QMe0O28e10XzSvWDz02TJiiKee4stsiownEIadWm8nYzyDAyT+gKzUoZmiWQtsQ==",
      "dependencies": {
        "@lit-labs/ssr-dom-shim": "^1.0.0"
      }
    },
    "node_modules/@lion/core/node_modules/lit": {
      "version": "2.8.0",
      "resolved": "https://registry.npmjs.org/lit/-/lit-2.8.0.tgz",
      "integrity": "sha512-4Sc3OFX9QHOJaHbmTMk28SYgVxLN3ePDjg7hofEft2zWlehFL3LiAuapWc4U/kYwMYJSh2hTCPZ6/LIC7ii0MA==",
      "dependencies": {
        "@lit/reactive-element": "^1.6.0",
        "lit-element": "^3.3.0",
        "lit-html": "^2.8.0"
      }
    },
    "node_modules/@lion/core/node_modules/lit-element": {
      "version": "3.3.3",
      "resolved": "https://registry.npmjs.org/lit-element/-/lit-element-3.3.3.tgz",
      "integrity": "sha512-XbeRxmTHubXENkV4h8RIPyr8lXc+Ff28rkcQzw3G6up2xg5E8Zu1IgOWIwBLEQsu3cOVFqdYwiVi0hv0SlpqUA==",
      "dependencies": {
        "@lit-labs/ssr-dom-shim": "^1.1.0",
        "@lit/reactive-element": "^1.3.0",
        "lit-html": "^2.8.0"
      }
    },
    "node_modules/@lion/core/node_modules/lit-html": {
      "version": "2.8.0",
      "resolved": "https://registry.npmjs.org/lit-html/-/lit-html-2.8.0.tgz",
      "integrity": "sha512-o9t+MQM3P4y7M7yNzqAyjp7z+mQGa4NS4CxiyLqFPyFWyc4O+nodLrkrxSaCTrla6M5YOLaT3RpbbqjszB5g3Q==",
      "dependencies": {
        "@types/trusted-types": "^2.0.2"
      }
    },
    "node_modules/@lion/localize": {
      "version": "0.26.0",
      "resolved": "https://registry.npmjs.org/@lion/localize/-/localize-0.26.0.tgz",
      "integrity": "sha512-ZFXumnVYviPq689DYrU9ZVhBEOk7/b/bht0ySw36fLqg61VCDSRdbImv2WOYJywaSeuncBcMNhcJu0UlK9wflw==",
      "dependencies": {
        "@bundled-es-modules/message-format": "6.0.4",
        "@lion/core": "^0.24.0",
        "singleton-manager": "^1.5.0"
      }
    },
    "node_modules/@lit-labs/ssr-dom-shim": {
      "version": "1.2.0",
      "license": "BSD-3-Clause"
    },
    "node_modules/@lit/reactive-element": {
      "version": "2.0.4",
      "license": "BSD-3-Clause",
      "dependencies": {
        "@lit-labs/ssr-dom-shim": "^1.2.0"
      }
    },
    "node_modules/@open-wc/dedupe-mixin": {
      "version": "1.4.0",
      "resolved": "https://registry.npmjs.org/@open-wc/dedupe-mixin/-/dedupe-mixin-1.4.0.tgz",
      "integrity": "sha512-Sj7gKl1TLcDbF7B6KUhtvr+1UCxdhMbNY5KxdU5IfMFWqL8oy1ZeAcCANjoB1TL0AJTcPmcCFsCbHf8X2jGDUA=="
    },
    "node_modules/@open-wc/scoped-elements": {
      "version": "2.2.4",
      "resolved": "https://registry.npmjs.org/@open-wc/scoped-elements/-/scoped-elements-2.2.4.tgz",
      "integrity": "sha512-12X4F4QGPWcvPbxAiJ4v8wQFCOu+laZHRGfTrkoj+3JzACCtuxHG49YbuqVzQ135QPKCuhP9wA0kpGGEfUegyg==",
      "dependencies": {
        "@lit/reactive-element": "^1.0.0 || ^2.0.0",
        "@open-wc/dedupe-mixin": "^1.4.0"
      }
    },
    "node_modules/@rollup/rollup-darwin-arm64": {
      "version": "4.13.0",
      "cpu": [
        "arm64"
      ],
      "dev": true,
      "license": "MIT",
      "optional": true,
      "os": [
        "darwin"
      ]
    },
    "node_modules/@types/estree": {
      "version": "1.0.5",
      "dev": true,
      "license": "MIT"
    },
    "node_modules/@types/trusted-types": {
      "version": "2.0.7",
      "license": "MIT"
    },
    "node_modules/argparse": {
      "version": "2.0.1",
      "license": "Python-2.0"
    },
    "node_modules/crelt": {
      "version": "1.0.6",
      "license": "MIT"
    },
    "node_modules/entities": {
      "version": "3.0.1",
      "license": "BSD-2-Clause",
      "engines": {
        "node": ">=0.12"
      },
      "funding": {
        "url": "https://github.com/fb55/entities?sponsor=1"
      }
    },
    "node_modules/esbuild": {
      "version": "0.20.2",
      "dev": true,
      "hasInstallScript": true,
      "license": "MIT",
      "bin": {
        "esbuild": "bin/esbuild"
      },
      "engines": {
        "node": ">=12"
      },
      "optionalDependencies": {
        "@esbuild/aix-ppc64": "0.20.2",
        "@esbuild/android-arm": "0.20.2",
        "@esbuild/android-arm64": "0.20.2",
        "@esbuild/android-x64": "0.20.2",
        "@esbuild/darwin-arm64": "0.20.2",
        "@esbuild/darwin-x64": "0.20.2",
        "@esbuild/freebsd-arm64": "0.20.2",
        "@esbuild/freebsd-x64": "0.20.2",
        "@esbuild/linux-arm": "0.20.2",
        "@esbuild/linux-arm64": "0.20.2",
        "@esbuild/linux-ia32": "0.20.2",
        "@esbuild/linux-loong64": "0.20.2",
        "@esbuild/linux-mips64el": "0.20.2",
        "@esbuild/linux-ppc64": "0.20.2",
        "@esbuild/linux-riscv64": "0.20.2",
        "@esbuild/linux-s390x": "0.20.2",
        "@esbuild/linux-x64": "0.20.2",
        "@esbuild/netbsd-x64": "0.20.2",
        "@esbuild/openbsd-x64": "0.20.2",
        "@esbuild/sunos-x64": "0.20.2",
        "@esbuild/win32-arm64": "0.20.2",
        "@esbuild/win32-ia32": "0.20.2",
        "@esbuild/win32-x64": "0.20.2"
      }
    },
    "node_modules/fsevents": {
      "version": "2.3.3",
      "dev": true,
      "license": "MIT",
      "optional": true,
      "os": [
        "darwin"
      ],
      "engines": {
        "node": "^8.16.0 || ^10.6.0 || >=11.0.0"
      }
    },
    "node_modules/linkify-it": {
      "version": "4.0.1",
      "license": "MIT",
      "dependencies": {
        "uc.micro": "^1.0.1"
      }
    },
    "node_modules/linkify-string": {
      "version": "4.1.3",
      "resolved": "https://registry.npmjs.org/linkify-string/-/linkify-string-4.1.3.tgz",
      "integrity": "sha512-6dAgx4MiTcvEX87OS5aNpAioO7cSELUXp61k7azOvMYOLSmREx0w4yM1Uf0+O3JLC08YdkUyZhAX+YkasRt/mw==",
      "peerDependencies": {
        "linkifyjs": "^4.0.0"
      }
    },
    "node_modules/linkifyjs": {
      "version": "4.1.3",
      "resolved": "https://registry.npmjs.org/linkifyjs/-/linkifyjs-4.1.3.tgz",
      "integrity": "sha512-auMesunaJ8yfkHvK4gfg1K0SaKX/6Wn9g2Aac/NwX+l5VdmFZzo/hdPGxEOETj+ryRa4/fiOPjeeKURSAJx1sg=="
    },
    "node_modules/lit": {
      "version": "3.1.2",
      "license": "BSD-3-Clause",
      "dependencies": {
        "@lit/reactive-element": "^2.0.4",
        "lit-element": "^4.0.4",
        "lit-html": "^3.1.2"
      }
    },
    "node_modules/lit-element": {
      "version": "4.0.4",
      "license": "BSD-3-Clause",
      "dependencies": {
        "@lit-labs/ssr-dom-shim": "^1.2.0",
        "@lit/reactive-element": "^2.0.4",
        "lit-html": "^3.1.2"
      }
    },
    "node_modules/lit-html": {
      "version": "3.1.2",
      "license": "BSD-3-Clause",
      "dependencies": {
        "@types/trusted-types": "^2.0.2"
      }
    },
    "node_modules/markdown-it": {
      "version": "13.0.2",
      "license": "MIT",
      "dependencies": {
        "argparse": "^2.0.1",
        "entities": "~3.0.1",
        "linkify-it": "^4.0.1",
        "mdurl": "^1.0.1",
        "uc.micro": "^1.0.5"
      },
      "bin": {
        "markdown-it": "bin/markdown-it.js"
      }
    },
    "node_modules/mdurl": {
      "version": "1.0.1",
      "license": "MIT"
    },
    "node_modules/nanoid": {
      "version": "3.3.7",
      "dev": true,
      "funding": [
        {
          "type": "github",
          "url": "https://github.com/sponsors/ai"
        }
      ],
      "license": "MIT",
      "bin": {
        "nanoid": "bin/nanoid.cjs"
      },
      "engines": {
        "node": "^10 || ^12 || ^13.7 || ^14 || >=15.0.1"
      }
    },
    "node_modules/orderedmap": {
      "version": "2.1.1",
      "license": "MIT"
    },
    "node_modules/picocolors": {
      "version": "1.0.0",
      "dev": true,
      "license": "ISC"
    },
    "node_modules/postcss": {
      "version": "8.4.38",
      "dev": true,
      "funding": [
        {
          "type": "opencollective",
          "url": "https://opencollective.com/postcss/"
        },
        {
          "type": "tidelift",
          "url": "https://tidelift.com/funding/github/npm/postcss"
        },
        {
          "type": "github",
          "url": "https://github.com/sponsors/ai"
        }
      ],
      "license": "MIT",
      "dependencies": {
        "nanoid": "^3.3.7",
        "picocolors": "^1.0.0",
        "source-map-js": "^1.2.0"
      },
      "engines": {
        "node": "^10 || ^12 || >=14"
      }
    },
    "node_modules/prosemirror-commands": {
      "version": "1.5.2",
      "license": "MIT",
      "dependencies": {
        "prosemirror-model": "^1.0.0",
        "prosemirror-state": "^1.0.0",
        "prosemirror-transform": "^1.0.0"
      }
    },
    "node_modules/prosemirror-dropcursor": {
      "version": "1.8.1",
      "license": "MIT",
      "dependencies": {
        "prosemirror-state": "^1.0.0",
        "prosemirror-transform": "^1.1.0",
        "prosemirror-view": "^1.1.0"
      }
    },
    "node_modules/prosemirror-example-setup": {
      "version": "1.2.2",
      "license": "MIT",
      "dependencies": {
        "prosemirror-commands": "^1.0.0",
        "prosemirror-dropcursor": "^1.0.0",
        "prosemirror-gapcursor": "^1.0.0",
        "prosemirror-history": "^1.0.0",
        "prosemirror-inputrules": "^1.0.0",
        "prosemirror-keymap": "^1.0.0",
        "prosemirror-menu": "^1.0.0",
        "prosemirror-schema-list": "^1.0.0",
        "prosemirror-state": "^1.0.0"
      }
    },
    "node_modules/prosemirror-gapcursor": {
      "version": "1.3.2",
      "license": "MIT",
      "dependencies": {
        "prosemirror-keymap": "^1.0.0",
        "prosemirror-model": "^1.0.0",
        "prosemirror-state": "^1.0.0",
        "prosemirror-view": "^1.0.0"
      }
    },
    "node_modules/prosemirror-history": {
      "version": "1.4.0",
      "license": "MIT",
      "dependencies": {
        "prosemirror-state": "^1.2.2",
        "prosemirror-transform": "^1.0.0",
        "prosemirror-view": "^1.31.0",
        "rope-sequence": "^1.3.0"
      }
    },
    "node_modules/prosemirror-inputrules": {
      "version": "1.4.0",
      "license": "MIT",
      "dependencies": {
        "prosemirror-state": "^1.0.0",
        "prosemirror-transform": "^1.0.0"
      }
    },
    "node_modules/prosemirror-keymap": {
      "version": "1.2.2",
      "license": "MIT",
      "dependencies": {
        "prosemirror-state": "^1.0.0",
        "w3c-keyname": "^2.2.0"
      }
    },
    "node_modules/prosemirror-markdown": {
      "version": "1.10.1",
      "license": "MIT",
      "dependencies": {
        "markdown-it": "^13.0.1",
        "prosemirror-model": "^1.0.0"
      }
    },
    "node_modules/prosemirror-menu": {
      "version": "1.2.4",
      "license": "MIT",
      "dependencies": {
        "crelt": "^1.0.0",
        "prosemirror-commands": "^1.0.0",
        "prosemirror-history": "^1.0.0",
        "prosemirror-state": "^1.0.0"
      }
    },
    "node_modules/prosemirror-model": {
      "version": "1.19.4",
      "license": "MIT",
      "dependencies": {
        "orderedmap": "^2.0.0"
      }
    },
    "node_modules/prosemirror-schema-list": {
      "version": "1.3.0",
      "license": "MIT",
      "dependencies": {
        "prosemirror-model": "^1.0.0",
        "prosemirror-state": "^1.0.0",
        "prosemirror-transform": "^1.7.3"
      }
    },
    "node_modules/prosemirror-state": {
      "version": "1.4.3",
      "license": "MIT",
      "dependencies": {
        "prosemirror-model": "^1.0.0",
        "prosemirror-transform": "^1.0.0",
        "prosemirror-view": "^1.27.0"
      }
    },
    "node_modules/prosemirror-transform": {
      "version": "1.8.0",
      "license": "MIT",
      "dependencies": {
        "prosemirror-model": "^1.0.0"
      }
    },
    "node_modules/prosemirror-view": {
      "version": "1.33.3",
      "license": "MIT",
      "dependencies": {
        "prosemirror-model": "^1.16.0",
        "prosemirror-state": "^1.0.0",
        "prosemirror-transform": "^1.1.0"
      }
    },
    "node_modules/rollup": {
      "version": "4.13.0",
      "dev": true,
      "license": "MIT",
      "dependencies": {
        "@types/estree": "1.0.5"
      },
      "bin": {
        "rollup": "dist/bin/rollup"
      },
      "engines": {
        "node": ">=18.0.0",
        "npm": ">=8.0.0"
      },
      "optionalDependencies": {
        "@rollup/rollup-android-arm-eabi": "4.13.0",
        "@rollup/rollup-android-arm64": "4.13.0",
        "@rollup/rollup-darwin-arm64": "4.13.0",
        "@rollup/rollup-darwin-x64": "4.13.0",
        "@rollup/rollup-linux-arm-gnueabihf": "4.13.0",
        "@rollup/rollup-linux-arm64-gnu": "4.13.0",
        "@rollup/rollup-linux-arm64-musl": "4.13.0",
        "@rollup/rollup-linux-riscv64-gnu": "4.13.0",
        "@rollup/rollup-linux-x64-gnu": "4.13.0",
        "@rollup/rollup-linux-x64-musl": "4.13.0",
        "@rollup/rollup-win32-arm64-msvc": "4.13.0",
        "@rollup/rollup-win32-ia32-msvc": "4.13.0",
        "@rollup/rollup-win32-x64-msvc": "4.13.0",
        "fsevents": "~2.3.2"
      }
    },
    "node_modules/rope-sequence": {
      "version": "1.3.4",
      "license": "MIT"
    },
    "node_modules/singleton-manager": {
      "version": "1.7.0",
      "resolved": "https://registry.npmjs.org/singleton-manager/-/singleton-manager-1.7.0.tgz",
      "integrity": "sha512-xbvNhwEvlu4UxLtOiBigtdNjXzIiqft3+BKWSgjhPQswXv0Qjm43zIHn1RDpCC2c0P3tuZHin7JttZGA+uMTcQ=="
    },
    "node_modules/source-map-js": {
      "version": "1.2.0",
      "dev": true,
      "license": "BSD-3-Clause",
      "engines": {
        "node": ">=0.10.0"
      }
    },
    "node_modules/uc.micro": {
      "version": "1.0.6",
      "license": "MIT"
    },
    "node_modules/vite": {
      "version": "5.2.6",
      "dev": true,
      "license": "MIT",
      "dependencies": {
        "esbuild": "^0.20.1",
        "postcss": "^8.4.36",
        "rollup": "^4.13.0"
      },
      "bin": {
        "vite": "bin/vite.js"
      },
      "engines": {
        "node": "^18.0.0 || >=20.0.0"
      },
      "funding": {
        "url": "https://github.com/vitejs/vite?sponsor=1"
      },
      "optionalDependencies": {
        "fsevents": "~2.3.3"
      },
      "peerDependencies": {
        "@types/node": "^18.0.0 || >=20.0.0",
        "less": "*",
        "lightningcss": "^1.21.0",
        "sass": "*",
        "stylus": "*",
        "sugarss": "*",
        "terser": "^5.4.0"
      },
      "peerDependenciesMeta": {
        "@types/node": {
          "optional": true
        },
        "less": {
          "optional": true
        },
        "lightningcss": {
          "optional": true
        },
        "sass": {
          "optional": true
        },
        "stylus": {
          "optional": true
        },
        "sugarss": {
          "optional": true
        },
        "terser": {
          "optional": true
        }
      }
    },
    "node_modules/w3c-keyname": {
      "version": "2.2.8",
      "license": "MIT"
    },
    "packages/editor": {
      "name": "@dile/editor",
      "version": "0.0.0",
      "license": "MIT",
      "dependencies": {
        "@dile/icons": "^1.5.1",
        "@dile/ui": "^0.0.0",
        "lit": "^3.1.2",
        "prosemirror-commands": "^1.5.0",
        "prosemirror-example-setup": "^1.2.1",
        "prosemirror-history": "^1.3.0",
        "prosemirror-keymap": "^1.2.1",
        "prosemirror-markdown": "1.10.1",
        "prosemirror-schema-list": "^1.2.2",
        "prosemirror-state": "^1.4.2",
        "prosemirror-view": "^1.30.1"
      }
    },
    "packages/icons": {
      "name": "@dile/icons",
      "version": "1.5.1",
      "license": "MIT",
      "dependencies": {
        "lit": "^3.1.2"
      }
    },
    "packages/ui": {
      "name": "@dile/ui",
      "version": "0.0.0",
      "license": "MIT",
      "dependencies": {
        "lit": "^3.1.2"
      }
    },
    "packages/utils": {
      "name": "@dile/utils",
      "version": "0.0.0",
      "license": "MIT",
      "dependencies": {
        "@dile/ui": "^0.0.0",
        "@lion/calendar": "^0.20.1",
        "@lion/localize": "^0.26.0",
        "linkify-string": "^4.1.3",
        "linkifyjs": "^4.1.3",
        "lit": "^3.1.2"
      }
    }
  }
}
